Microsoft Visual Studio Solution File, Format Version 11.00
# Visual Studio 2008

Project("{ED469618-898D-75B1-49E5-C7C4B6A1C415}") = "algorithm", "Assembly-CSharp.csproj", "{B36EF085-A9A4-F895-FE59-937E22291515}"
EndProject
Global
	GlobalSection(SolutionConfigurationPlatforms) = preSolution
		Debug|Any CPU = Debug|Any CPU
		Release|Any CPU = Release|Any CPU
	EndGlobalSection
	GlobalSection(ProjectConfigurationPlatforms) = postSolution
		{B36EF085-A9A4-F895-FE59-937E22291515}.Debug|Any CPU.ActiveCfg = Debug|Any CPU
		{B36EF085-A9A4-F895-FE59-937E22291515}.Debug|Any CPU.Build.0 = Debug|Any CPU
		{B36EF085-A9A4-F895-FE59-937E22291515}.Release|Any CPU.ActiveCfg = Release|Any CPU
		{B36EF085-A9A4-F895-FE59-937E22291515}.Release|Any CPU.Build.0 = Release|Any CPU
	EndGlobalSection
	GlobalSection(SolutionProperties) = preSolution
		HideSolutionNode = FALSE
	EndGlobalSection
	GlobalSection(MonoDevelopProperties) = preSolution
		StartupItem = Assembly-CSharp.csproj
	EndGlobalSection
EndGlobal
